
Microsoft Visual Studio Solution File, Format Version 12.00
# Visual Studio Version 17
VisualStudioVersion = 17.6.33723.286
MinimumVisualStudioVersion = 10.0.40219.1
Project("{FAE04EC0-301F-11D3-BF4B-00C04F79EFBC}") = "Galerija", "Galerija\Galerija.csproj", "{3F3C7F2B-3D01-4614-8346-66A294060836}"
EndProject
Global
	GlobalSection(SolutionConfigurationPlatforms) = preSolution
		Debug|Any CPU = Debug|Any CPU
		Release|Any CPU = Release|Any CPU
	EndGlobalSection
	GlobalSection(ProjectConfigurationPlatforms) = postSolution
		{3F3C7F2B-3D01-4614-8346-66A294060836}.Debug|Any CPU.ActiveCfg = Debug|Any CPU
		{3F3C7F2B-3D01-4614-8346-66A294060836}.Debug|Any CPU.Build.0 = Debug|Any CPU
		{3F3C7F2B-3D01-4614-8346-66A294060836}.Release|Any CPU.ActiveCfg = Release|Any CPU
		{3F3C7F2B-3D01-4614-8346-66A294060836}.Release|Any CPU.Build.0 = Release|Any CPU
	EndGlobalSection
	GlobalSection(SolutionProperties) = preSolution
		HideSolutionNode = FALSE
	EndGlobalSection
	GlobalSection(ExtensibilityGlobals) = postSolution
		SolutionGuid = {DCB7B4E8-3FA5-45B2-8D9B-2EBA4A6421B1}
	EndGlobalSection
EndGlobal
