
Microsoft Visual Studio Solution File, Format Version 12.00
# Visual Studio Version 17
VisualStudioVersion = 17.6.33723.286
MinimumVisualStudioVersion = 10.0.40219.1
Project("{FAE04EC0-301F-11D3-BF4B-00C04F79EFBC}") = "GalerijaWebApi", "GalerijaWebApi\GalerijaWebApi.csproj", "{342C5C75-DEF7-44D3-9B53-53AABCB1CB69}"
EndProject
Global
	GlobalSection(SolutionConfigurationPlatforms) = preSolution
		Debug|Any CPU = Debug|Any CPU
		Release|Any CPU = Release|Any CPU
	EndGlobalSection
	GlobalSection(ProjectConfigurationPlatforms) = postSolution
		{342C5C75-DEF7-44D3-9B53-53AABCB1CB69}.Debug|Any CPU.ActiveCfg = Debug|Any CPU
		{342C5C75-DEF7-44D3-9B53-53AABCB1CB69}.Debug|Any CPU.Build.0 = Debug|Any CPU
		{342C5C75-DEF7-44D3-9B53-53AABCB1CB69}.Release|Any CPU.ActiveCfg = Release|Any CPU
		{342C5C75-DEF7-44D3-9B53-53AABCB1CB69}.Release|Any CPU.Build.0 = Release|Any CPU
	EndGlobalSection
	GlobalSection(SolutionProperties) = preSolution
		HideSolutionNode = FALSE
	EndGlobalSection
	GlobalSection(ExtensibilityGlobals) = postSolution
		SolutionGuid = {EBED98C9-3910-4CA6-9020-BAC214B4F113}
	EndGlobalSection
EndGlobal
